// !$*UTF8*$!
{
	archiveVersion = 1;
	classes = {
	};
	objectVersion = 50;
	objects = {

/* Begin PBXBuildFile section */
		CFC72066263B509C00BA7712 /* AppDelegate.swift in Sources */ = {isa = PBXBuildFile; fileRef = CFC72065263B509C00BA7712 /* AppDelegate.swift */; };
		CFC72068263B509C00BA7712 /* SceneDelegate.swift in Sources */ = {isa = PBXBuildFile; fileRef = CFC72067263B509C00BA7712 /* SceneDelegate.swift */; };
		CFC7206A263B509C00BA7712 /* ViewController.swift in Sources */ = {isa = PBXBuildFile; fileRef = CFC72069263B509C00BA7712 /* ViewController.swift */; };
		CFC7206D263B509C00BA7712 /* Main.storyboard in Resources */ = {isa = PBXBuildFile; fileRef = CFC7206B263B509C00BA7712 /* Main.storyboard */; };
		CFC72070263B509C00BA7712 /* CoredataMapProject.xcdatamodeld in Sources */ = {isa = PBXBuildFile; fileRef = CFC7206E263B509C00BA7712 /* CoredataMapProject.xcdatamodeld */; };
		CFC72072263B509D00BA7712 /* Assets.xcassets in Resources */ = {isa = PBXBuildFile; fileRef = CFC72071263B509D00BA7712 /* Assets.xcassets */; };
		CFC72075263B509D00BA7712 /* LaunchScreen.storyboard in Resources */ = {isa = PBXBuildFile; fileRef = CFC72073263B509D00BA7712 /* LaunchScreen.storyboard */; };
/* End PBXBuildFile section */

/* Begin PBXFileReference section */
		CFC72062263B509C00BA7712 /* CoredataMapProject.app */ = {isa = PBXFileReference; explicitFileType = wrapper.application; includeInIndex = 0; path = CoredataMapProject.app; sourceTree = BUILT_PRODUCTS_DIR; };
		CFC72065263B509C00BA7712 /* AppDelegate.swift */ = {isa = PBXFileReference; lastKnownFileType = sourcecode.swift; path = AppDelegate.swift; sourceTree = "<group>"; };
		CFC72067263B509C00BA7712 /* SceneDelegate.swift */ = {isa = PBXFileReference; lastKnownFileType = sourcecode.swift; path = SceneDelegate.swift; sourceTree = "<group>"; };
		CFC72069263B509C00BA7712 /* ViewController.swift */ = {isa = PBXFileReference; lastKnownFileType = sourcecode.swift; path = ViewController.swift; sourceTree = "<group>"; };
		CFC7206C263B509C00BA7712 /* Base */ = {isa = PBXFileReference; lastKnownFileType = file.storyboard; name = Base; path = Base.lproj/Main.storyboard; sourceTree = "<group>"; };
		CFC7206F263B509C00BA7712 /* CoredataMapProject.xcdatamodel */ = {isa = PBXFileReference; lastKnownFileType = wrapper.xcdatamodel; path = CoredataMapProject.xcdatamodel; sourceTree = "<group>"; };
		CFC72071263B509D00BA7712 /* Assets.xcassets */ = {isa = PBXFileReference; lastKnownFileType = folder.assetcatalog; path = Assets.xcassets; sourceTree = "<group>"; };
		CFC72074263B509D00BA7712 /* Base */ = {isa = PBXFileReference; lastKnownFileType = file.storyboard; name = Base; path = Base.lproj/LaunchScreen.storyboard; sourceTree = "<group>"; };
		CFC72076263B509D00BA7712 /* Info.plist */ = {isa = PBXFileReference; lastKnownFileType = text.plist.xml; path = Info.plist; sourceTree = "<group>"; };
/* End PBXFileReference section */

/* Begin PBXFrameworksBuildPhase section */
		CFC7205F263B509C00BA7712 /* Frameworks */ = {
			isa = PBXFrameworksBuildPhase;
			buildActionMask = 2147483647;
			files = (
			);
			runOnlyForDeploymentPostprocessing = 0;
		};
/* End PBXFrameworksBuildPhase section */

/* Begin PBXGroup section */
		CFC72059263B509C00BA7712 = {
			isa = PBXGroup;
			children = (
				CFC72064263B509C00BA7712 /* CoredataMapProject */,
				CFC72063263B509C00BA7712 /* Products */,
			);
			sourceTree = "<group>";
		};
		CFC72063263B509C00BA7712 /* Products */ = {
			isa = PBXGroup;
			children = (
				CFC72062263B509C00BA7712 /* CoredataMapProject.app */,
			);
			name = Products;
			sourceTree = "<group>";
		};
		CFC72064263B509C00BA7712 /* CoredataMapProject */ = {
			isa = PBXGroup;
			children = (
				CFC72065263B509C00BA7712 /* AppDelegate.swift */,
				CFC72067263B509C00BA7712 /* SceneDelegate.swift */,
				CFC72069263B509C00BA7712 /* ViewController.swift */,
				CFC7206B263B509C00BA7712 /* Main.storyboard */,
				CFC72071263B509D00BA7712 /* Assets.xcassets */,
				CFC72073263B509D00BA7712 /* LaunchScreen.storyboard */,
				CFC72076263B509D00BA7712 /* Info.plist */,
				CFC7206E263B509C00BA7712 /* CoredataMapProject.xcdatamodeld */,
			);
			path = CoredataMapProject;
			sourceTree = "<group>";
		};
/* End PBXGroup section */

/* Begin PBXNativeTarget section */
		CFC72061263B509C00BA7712 /* CoredataMapProject */ = {
			isa = PBXNativeTarget;
			buildConfigurationList = CFC72079263B509D00BA7712 /* Build configuration list for PBXNativeTarget "CoredataMapProject" */;
			buildPhases = (
				CFC7205E263B509C00BA7712 /* Sources */,
				CFC7205F263B509C00BA7712 /* Frameworks */,
				CFC72060263B509C00BA7712 /* Resources */,
			);
			buildRules = (
			);
			dependencies = (
			);
			name = CoredataMapProject;
			productName = CoredataMapProject;
			productReference = CFC72062263B509C00BA7712 /* CoredataMapProject.app */;
			productType = "com.apple.product-type.application";
		};
/* End PBXNativeTarget section */

/* Begin PBXProject section */
		CFC7205A263B509C00BA7712 /* Project object */ = {
			isa = PBXProject;
			attributes = {
				LastSwiftUpdateCheck = 1250;
				LastUpgradeCheck = 1250;
				TargetAttributes = {
					CFC72061263B509C00BA7712 = {
						CreatedOnToolsVersion = 12.5;
					};
				};
			};
			buildConfigurationList = CFC7205D263B509C00BA7712 /* Build configuration list for PBXProject "CoredataMapProject" */;
			compatibilityVersion = "Xcode 9.3";
			developmentRegion = en;
			hasScannedForEncodings = 0;
			knownRegions = (
				en,
				Base,
			);
			mainGroup = CFC72059263B509C00BA7712;
			productRefGroup = CFC72063263B509C00BA7712 /* Products */;
			projectDirPath = "";
			projectRoot = "";
			targets = (
				CFC72061263B509C00BA7712 /* CoredataMapProject */,
			);
		};
/* End PBXProject section */

/* Begin PBXResourcesBuildPhase section */
		CFC72060263B509C00BA7712 /* Resources */ = {
			isa = PBXResourcesBuildPhase;
			buildActionMask = 2147483647;
			files = (
				CFC72075263B509D00BA7712 /* LaunchScreen.storyboard in Resources */,
				CFC72072263B509D00BA7712 /* Assets.xcassets in Resources */,
				CFC7206D263B509C00BA7712 /* Main.storyboard in Resources */,
			);
			runOnlyForDeploymentPostprocessing = 0;
		};
/* End PBXResourcesBuildPhase section */

/* Begin PBXSourcesBuildPhase section */
		CFC7205E263B509C00BA7712 /* Sources */ = {
			isa = PBXSourcesBuildPhase;
			buildActionMask = 2147483647;
			files = (
				CFC7206A263B509C00BA7712 /* ViewController.swift in Sources */,
				CFC72066263B509C00BA7712 /* AppDelegate.swift in Sources */,
				CFC72068263B509C00BA7712 /* SceneDelegate.swift in Sources */,
				CFC72070263B509C00BA7712 /* CoredataMapProject.xcdatamodeld in Sources */,
			);
			runOnlyForDeploymentPostprocessing = 0;
		};
/* End PBXSourcesBuildPhase section */

/* Begin PBXVariantGroup section */
		CFC7206B263B509C00BA7712 /* Main.storyboard */ = {
			isa = PBXVariantGroup;
			children = (
				CFC7206C263B509C00BA7712 /* Base */,
			);
			name = Main.storyboard;
			sourceTree = "<group>";
		};
		CFC72073263B509D00BA7712 /* LaunchScreen.storyboard */ = {
			isa = PBXVariantGroup;
			children = (
				CFC72074263B509D00BA7712 /* Base */,
			);
			name = LaunchScreen.storyboard;
			sourceTree = "<group>";
		};
/* End PBXVariantGroup section */

/* Begin XCBuildConfiguration section */
		CFC72077263B509D00BA7712 /* Debug */ = {
			isa = XCBuildConfiguration;
			buildSettings = {
				ALWAYS_SEARCH_USER_PATHS = NO;
				CLANG_ANALYZER_NONNULL = YES;
				CLANG_ANALYZER_NUMBER_OBJECT_CONVERSION = YES_AGGRESSIVE;
				CLANG_CXX_LANGUAGE_STANDARD = "gnu++14";
				CLANG_CXX_LIBRARY = "libc++";
				CLANG_ENABLE_MODULES = YES;
				CLANG_ENABLE_OBJC_ARC = YES;
				CLANG_ENABLE_OBJC_WEAK = YES;
				CLANG_WARN_BLOCK_CAPTURE_AUTORELEASING = YES;
				CLANG_WARN_BOOL_CONVERSION = YES;
				CLANG_WARN_COMMA = YES;
				CLANG_WARN_CONSTANT_CONVERSION = YES;
				CLANG_WARN_DEPRECATED_OBJC_IMPLEMENTATIONS = YES;
				CLANG_WARN_DIRECT_OBJC_ISA_USAGE = YES_ERROR;
				CLANG_WARN_DOCUMENTATION_COMMENTS = YES;
				CLANG_WARN_EMPTY_BODY = YES;
				CLANG_WARN_ENUM_CONVERSION = YES;
				CLANG_WARN_INFINITE_RECURSION = YES;
				CLANG_WARN_INT_CONVERSION = YES;
				CLANG_WARN_NON_LITERAL_NULL_CONVERSION = YES;
				CLANG_WARN_OBJC_IMPLICIT_RETAIN_SELF = YES;
				CLANG_WARN_OBJC_LITERAL_CONVERSION = YES;
				CLANG_WARN_OBJC_ROOT_CLASS = YES_ERROR;
				CLANG_WARN_QUOTED_INCLUDE_IN_FRAMEWORK_HEADER = YES;
				CLANG_WARN_RANGE_LOOP_ANALYSIS = YES;
				CLANG_WARN_STRICT_PROTOTYPES = YES;
				CLANG_WARN_SUSPICIOUS_MOVE = YES;
				CLANG_WARN_UNGUARDED_AVAILABILITY = YES_AGGRESSIVE;
				CLANG_WARN_UNREACHABLE_CODE = YES;
				CLANG_WARN__DUPLICATE_METHOD_MATCH = YES;
				COPY_PHASE_STRIP = NO;
				DEBUG_INFORMATION_FORMAT = dwarf;
				ENABLE_STRICT_OBJC_MSGSEND = YES;
				ENABLE_TESTABILITY = YES;
				GCC_C_LANGUAGE_STANDARD = gnu11;
				GCC_DYNAMIC_NO_PIC = NO;
				GCC_NO_COMMON_BLOCKS = YES;
				GCC_OPTIMIZATION_LEVEL = 0;
				GCC_PREPROCESSOR_DEFINITIONS = (
					"DEBUG=1",
					"$(inherited)",
				);
				GCC_WARN_64_TO_32_BIT_CONVERSION = YES;
				GCC_WARN_ABOUT_RETURN_TYPE = YES_ERROR;
				GCC_WARN_UNDECLARED_SELECTOR = YES;
				GCC_WARN_UNINITIALIZED_AUTOS = YES_AGGRESSIVE;
				GCC_WARN_UNUSED_FUNCTION = YES;
				GCC_WARN_UNUSED_VARIABLE = YES;
				IPHONEOS_DEPLOYMENT_TARGET = 14.5;
				MTL_ENABLE_DEBUG_INFO = INCLUDE_SOURCE;
				MTL_FAST_MATH = YES;
				ONLY_ACTIVE_ARCH = YES;
				SDKROOT = iphoneos;
				SWIFT_ACTIVE_COMPILATION_CONDITIONS = DEBUG;
				SWIFT_OPTIMIZATION_LEVEL = "-Onone";
			};
			name = Debug;
		};
		CFC72078263B509D00BA7712 /* Release */ = {
			isa = XCBuildConfiguration;
			buildSettings = {
				ALWAYS_SEARCH_USER_PATHS = NO;
				CLANG_ANALYZER_NONNULL = YES;
				CLANG_ANALYZER_NUMBER_OBJECT_CONVERSION = YES_AGGRESSIVE;
				CLANG_CXX_LANGUAGE_STANDARD = "gnu++14";
				CLANG_CXX_LIBRARY = "libc++";
				CLANG_ENABLE_MODULES = YES;
				CLANG_ENABLE_OBJC_ARC = YES;
				CLANG_ENABLE_OBJC_WEAK = YES;
				CLANG_WARN_BLOCK_CAPTURE_AUTORELEASING = YES;
				CLANG_WARN_BOOL_CONVERSION = YES;
				CLANG_WARN_COMMA = YES;
				CLANG_WARN_CONSTANT_CONVERSION = YES;
				CLANG_WARN_DEPRECATED_OBJC_IMPLEMENTATIONS = YES;
				CLANG_WARN_DIRECT_OBJC_ISA_USAGE = YES_ERROR;
				CLANG_WARN_DOCUMENTATION_COMMENTS = YES;
				CLANG_WARN_EMPTY_BODY = YES;
				CLANG_WARN_ENUM_CONVERSION = YES;
				CLANG_WARN_INFINITE_RECURSION = YES;
				CLANG_WARN_INT_CONVERSION = YES;
				CLANG_WARN_NON_LITERAL_NULL_CONVERSION = YES;
				CLANG_WARN_OBJC_IMPLICIT_RETAIN_SELF = YES;
				CLANG_WARN_OBJC_LITERAL_CONVERSION = YES;
				CLANG_WARN_OBJC_ROOT_CLASS = YES_ERROR;
				CLANG_WARN_QUOTED_INCLUDE_IN_FRAMEWORK_HEADER = YES;
				CLANG_WARN_RANGE_LOOP_ANALYSIS = YES;
				CLANG_WARN_STRICT_PROTOTYPES = YES;
				CLANG_WARN_SUSPICIOUS_MOVE = YES;
				CLANG_WARN_UNGUARDED_AVAILABILITY = YES_AGGRESSIVE;
				CLANG_WARN_UNREACHABLE_CODE = YES;
				CLANG_WARN__DUPLICATE_METHOD_MATCH = YES;
				COPY_PHASE_STRIP = NO;
				DEBUG_INFORMATION_FORMAT = "dwarf-with-dsym";
				ENABLE_NS_ASSERTIONS = NO;
				ENABLE_STRICT_OBJC_MSGSEND = YES;
				GCC_C_LANGUAGE_STANDARD = gnu11;
				GCC_NO_COMMON_BLOCKS = YES;
				GCC_WARN_64_TO_32_BIT_CONVERSION = YES;
				GCC_WARN_ABOUT_RETURN_TYPE = YES_ERROR;
				GCC_WARN_UNDECLARED_SELECTOR = YES;
				GCC_WARN_UNINITIALIZED_AUTOS = YES_AGGRESSIVE;
				GCC_WARN_UNUSED_FUNCTION = YES;
				GCC_WARN_UNUSED_VARIABLE = YES;
				IPHONEOS_DEPLOYMENT_TARGET = 14.5;
				MTL_ENABLE_DEBUG_INFO = NO;
				MTL_FAST_MATH = YES;
				SDKROOT = iphoneos;
				SWIFT_COMPILATION_MODE = wholemodule;
				SWIFT_OPTIMIZATION_LEVEL = "-O";
				VALIDATE_PRODUCT = YES;
			};
			name = Release;
		};
		CFC7207A263B509D00BA7712 /* Debug */ = {
			isa = XCBuildConfiguration;
			buildSettings = {
				ASSETCATALOG_COMPILER_APPICON_NAME = AppIcon;
				ASSETCATALOG_COMPILER_GLOBAL_ACCENT_COLOR_NAME = AccentColor;
				CODE_SIGN_STYLE = Automatic;
				DEVELOPMENT_TEAM = 5PK8QPHVAN;
				INFOPLIST_FILE = CoredataMapProject/Info.plist;
				LD_RUNPATH_SEARCH_PATHS = (
					"$(inherited)",
					"@executable_path/Frameworks",
				);
				PRODUCT_BUNDLE_IDENTIFIER = kaanyigit.CoredataMapProject;
				PRODUCT_NAME = "$(TARGET_NAME)";
				SWIFT_VERSION = 5.0;
				TARGETED_DEVICE_FAMILY = "1,2";
			};
			name = Debug;
		};
		CFC7207B263B509D00BA7712 /* Release */ = {
			isa = XCBuildConfiguration;
			buildSettings = {
				ASSETCATALOG_COMPILER_APPICON_NAME = AppIcon;
				ASSETCATALOG_COMPILER_GLOBAL_ACCENT_COLOR_NAME = AccentColor;
				CODE_SIGN_STYLE = Automatic;
				DEVELOPMENT_TEAM = 5PK8QPHVAN;
				INFOPLIST_FILE = CoredataMapProject/Info.plist;
				LD_RUNPATH_SEARCH_PATHS = (
					"$(inherited)",
					"@executable_path/Frameworks",
				);
				PRODUCT_BUNDLE_IDENTIFIER = kaanyigit.CoredataMapProject;
				PRODUCT_NAME = "$(TARGET_NAME)";
				SWIFT_VERSION = 5.0;
				TARGETED_DEVICE_FAMILY = "1,2";
			};
			name = Release;
		};
/* End XCBuildConfiguration section */

/* Begin XCConfigurationList section */
		CFC7205D263B509C00BA7712 /* Build configuration list for PBXProject "CoredataMapProject" */ = {
			isa = XCConfigurationList;
			buildConfigurations = (
				CFC72077263B509D00BA7712 /* Debug */,
				CFC72078263B509D00BA7712 /* Release */,
			);
			defaultConfigurationIsVisible = 0;
			defaultConfigurationName = Release;
		};
		CFC72079263B509D00BA7712 /* Build configuration list for PBXNativeTarget "CoredataMapProject" */ = {
			isa = XCConfigurationList;
			buildConfigurations = (
				CFC7207A263B509D00BA7712 /* Debug */,
				CFC7207B263B509D00BA7712 /* Release */,
			);
			defaultConfigurationIsVisible = 0;
			defaultConfigurationName = Release;
		};
/* End XCConfigurationList section */

/* Begin XCVersionGroup section */
		CFC7206E263B509C00BA7712 /* CoredataMapProject.xcdatamodeld */ = {
			isa = XCVersionGroup;
			children = (
				CFC7206F263B509C00BA7712 /* CoredataMapProject.xcdatamodel */,
			);
			currentVersion = CFC7206F263B509C00BA7712 /* CoredataMapProject.xcdatamodel */;
			path = CoredataMapProject.xcdatamodeld;
			sourceTree = "<group>";
			versionGroupType = wrapper.xcdatamodel;
		};
/* End XCVersionGroup section */
	};
	rootObject = CFC7205A263B509C00BA7712 /* Project object */;
}
